
Microsoft Visual Studio Solution File, Format Version 12.00
# Visual Studio Version 17
VisualStudioVersion = 17.5.33424.131
MinimumVisualStudioVersion = 10.0.40219.1
Project("{FAE04EC0-301F-11D3-BF4B-00C04F79EFBC}") = "proyecto_sisevid", "proyecto_sisevid\proyecto_sisevid.csproj", "{9B47CD35-6B89-42D3-A36A-85C0F332D8CF}"
EndProject
Global
	GlobalSection(SolutionConfigurationPlatforms) = preSolution
		Debug|Any CPU = Debug|Any CPU
		Release|Any CPU = Release|Any CPU
	EndGlobalSection
	GlobalSection(ProjectConfigurationPlatforms) = postSolution
		{9B47CD35-6B89-42D3-A36A-85C0F332D8CF}.Debug|Any CPU.ActiveCfg = Debug|Any CPU
		{9B47CD35-6B89-42D3-A36A-85C0F332D8CF}.Debug|Any CPU.Build.0 = Debug|Any CPU
		{9B47CD35-6B89-42D3-A36A-85C0F332D8CF}.Release|Any CPU.ActiveCfg = Release|Any CPU
		{9B47CD35-6B89-42D3-A36A-85C0F332D8CF}.Release|Any CPU.Build.0 = Release|Any CPU
	EndGlobalSection
	GlobalSection(SolutionProperties) = preSolution
		HideSolutionNode = FALSE
	EndGlobalSection
	GlobalSection(ExtensibilityGlobals) = postSolution
		SolutionGuid = {3629EBB4-EF4F-4110-973A-3B193D8C3E96}
	EndGlobalSection
EndGlobal
